// !$*UTF8*$!
{
	archiveVersion = 1;
	classes = {
	};
	objectVersion = 77;
	objects = {

/* Begin PBXBuildFile section */
		15FF4C3C2EC9975A00E7888D /* SnapKit in Frameworks */ = {isa = PBXBuildFile; productRef = 15FF4C3B2EC9975A00E7888D /* SnapKit */; };
		15FF4C3F2EC9976700E7888D /* SDWebImage in Frameworks */ = {isa = PBXBuildFile; productRef = 15FF4C3E2EC9976700E7888D /* SDWebImage */; };
		15FF4C422EC99C0100E7888D /* MainTabBar.swift in Sources */ = {isa = PBXBuildFile; fileRef = 15FF4C412EC99C0100E7888D /* MainTabBar.swift */; };
		15FF4C462EC99C6100E7888D /* MainHomeViewController.swift in Sources */ = {isa = PBXBuildFile; fileRef = 15FF4C452EC99C6100E7888D /* MainHomeViewController.swift */; };
		15FF4C482EC99C8300E7888D /* MainMeViewController.swift in Sources */ = {isa = PBXBuildFile; fileRef = 15FF4C472EC99C8300E7888D /* MainMeViewController.swift */; };
		15FF4C4C2ECA1F1E00E7888D /* UIColorExtension.swift in Sources */ = {isa = PBXBuildFile; fileRef = 15FF4C4B2ECA1F1E00E7888D /* UIColorExtension.swift */; };
		15FF4C4F2ECA21E400E7888D /* APIConfig.swift in Sources */ = {isa = PBXBuildFile; fileRef = 15FF4C4E2ECA21E400E7888D /* APIConfig.swift */; };
		15FF4C522ECCA0EC00E7888D /* Alamofire in Frameworks */ = {isa = PBXBuildFile; productRef = 15FF4C512ECCA0EC00E7888D /* Alamofire */; };
		15FF4C572ECCA8D000E7888D /* BaseMainViewController.swift in Sources */ = {isa = PBXBuildFile; fileRef = 15FF4C562ECCA8D000E7888D /* BaseMainViewController.swift */; };
		15FF4C592ECCAD4B00E7888D /* URLConfig.swift in Sources */ = {isa = PBXBuildFile; fileRef = 15FF4C582ECCAD4B00E7888D /* URLConfig.swift */; };
		15FF4C602ECCB91100E7888D /* MainMeModel.swift in Sources */ = {isa = PBXBuildFile; fileRef = 15FF4C5F2ECCB91100E7888D /* MainMeModel.swift */; };
		15FF4C632ECCBA2200E7888D /* MainMeService.swift in Sources */ = {isa = PBXBuildFile; fileRef = 15FF4C622ECCBA2200E7888D /* MainMeService.swift */; };
		15FF4C652ECCBADA00E7888D /* MainMeViewModel.swift in Sources */ = {isa = PBXBuildFile; fileRef = 15FF4C642ECCBADA00E7888D /* MainMeViewModel.swift */; };
		15FF4C672ECE0CF700E7888D /* MainMeCell.swift in Sources */ = {isa = PBXBuildFile; fileRef = 15FF4C662ECE0CF700E7888D /* MainMeCell.swift */; };
		15FF4C692ED20B6F00E7888D /* MainMeSubCell.swift in Sources */ = {isa = PBXBuildFile; fileRef = 15FF4C682ED20B6F00E7888D /* MainMeSubCell.swift */; };
		15FF4C6C2ED216C500E7888D /* IntExtension.swift in Sources */ = {isa = PBXBuildFile; fileRef = 15FF4C6A2ED216C500E7888D /* IntExtension.swift */; };
		15FF4C722ED354D000E7888D /* IconStatItemModel.swift in Sources */ = {isa = PBXBuildFile; fileRef = 15FF4C712ED354D000E7888D /* IconStatItemModel.swift */; };
		15FF4C742ED355E300E7888D /* IconStatItemCell.swift in Sources */ = {isa = PBXBuildFile; fileRef = 15FF4C732ED355E300E7888D /* IconStatItemCell.swift */; };
		15FF4C762ED35A7400E7888D /* IconStatItemCollectionView.swift in Sources */ = {isa = PBXBuildFile; fileRef = 15FF4C752ED35A7400E7888D /* IconStatItemCollectionView.swift */; };
/* End PBXBuildFile section */

/* Begin PBXFileReference section */
		15FF4C222EC9937000E7888D /* VimeoSP_v2.app */ = {isa = PBXFileReference; explicitFileType = wrapper.application; includeInIndex = 0; path = VimeoSP_v2.app; sourceTree = BUILT_PRODUCTS_DIR; };
		15FF4C412EC99C0100E7888D /* MainTabBar.swift */ = {isa = PBXFileReference; lastKnownFileType = sourcecode.swift; path = MainTabBar.swift; sourceTree = "<group>"; };
		15FF4C452EC99C6100E7888D /* MainHomeViewController.swift */ = {isa = PBXFileReference; lastKnownFileType = sourcecode.swift; path = MainHomeViewController.swift; sourceTree = "<group>"; };
		15FF4C472EC99C8300E7888D /* MainMeViewController.swift */ = {isa = PBXFileReference; lastKnownFileType = sourcecode.swift; path = MainMeViewController.swift; sourceTree = "<group>"; };
		15FF4C4B2ECA1F1E00E7888D /* UIColorExtension.swift */ = {isa = PBXFileReference; lastKnownFileType = sourcecode.swift; path = UIColorExtension.swift; sourceTree = "<group>"; };
		15FF4C4E2ECA21E400E7888D /* APIConfig.swift */ = {isa = PBXFileReference; lastKnownFileType = sourcecode.swift; path = APIConfig.swift; sourceTree = "<group>"; };
		15FF4C562ECCA8D000E7888D /* BaseMainViewController.swift */ = {isa = PBXFileReference; lastKnownFileType = sourcecode.swift; path = BaseMainViewController.swift; sourceTree = "<group>"; };
		15FF4C582ECCAD4B00E7888D /* URLConfig.swift */ = {isa = PBXFileReference; lastKnownFileType = sourcecode.swift; path = URLConfig.swift; sourceTree = "<group>"; };
		15FF4C5F2ECCB91100E7888D /* MainMeModel.swift */ = {isa = PBXFileReference; lastKnownFileType = sourcecode.swift; path = MainMeModel.swift; sourceTree = "<group>"; };
		15FF4C622ECCBA2200E7888D /* MainMeService.swift */ = {isa = PBXFileReference; lastKnownFileType = sourcecode.swift; path = MainMeService.swift; sourceTree = "<group>"; };
		15FF4C642ECCBADA00E7888D /* MainMeViewModel.swift */ = {isa = PBXFileReference; lastKnownFileType = sourcecode.swift; path = MainMeViewModel.swift; sourceTree = "<group>"; };
		15FF4C662ECE0CF700E7888D /* MainMeCell.swift */ = {isa = PBXFileReference; lastKnownFileType = sourcecode.swift; path = MainMeCell.swift; sourceTree = "<group>"; };
		15FF4C682ED20B6F00E7888D /* MainMeSubCell.swift */ = {isa = PBXFileReference; lastKnownFileType = sourcecode.swift; path = MainMeSubCell.swift; sourceTree = "<group>"; };
		15FF4C6A2ED216C500E7888D /* IntExtension.swift */ = {isa = PBXFileReference; lastKnownFileType = sourcecode.swift; path = IntExtension.swift; sourceTree = "<group>"; };
		15FF4C712ED354D000E7888D /* IconStatItemModel.swift */ = {isa = PBXFileReference; lastKnownFileType = sourcecode.swift; path = IconStatItemModel.swift; sourceTree = "<group>"; };
		15FF4C732ED355E300E7888D /* IconStatItemCell.swift */ = {isa = PBXFileReference; lastKnownFileType = sourcecode.swift; path = IconStatItemCell.swift; sourceTree = "<group>"; };
		15FF4C752ED35A7400E7888D /* IconStatItemCollectionView.swift */ = {isa = PBXFileReference; lastKnownFileType = sourcecode.swift; path = IconStatItemCollectionView.swift; sourceTree = "<group>"; };
/* End PBXFileReference section */

/* Begin PBXFileSystemSynchronizedBuildFileExceptionSet section */
		15FF4C342EC9937100E7888D /* Exceptions for "VimeoSP_v2" folder in "VimeoSP_v2" target */ = {
			isa = PBXFileSystemSynchronizedBuildFileExceptionSet;
			membershipExceptions = (
				Info.plist,
			);
			target = 15FF4C212EC9937000E7888D /* VimeoSP_v2 */;
		};
/* End PBXFileSystemSynchronizedBuildFileExceptionSet section */

/* Begin PBXFileSystemSynchronizedRootGroup section */
		15FF4C242EC9937000E7888D /* VimeoSP_v2 */ = {
			isa = PBXFileSystemSynchronizedRootGroup;
			exceptions = (
				15FF4C342EC9937100E7888D /* Exceptions for "VimeoSP_v2" folder in "VimeoSP_v2" target */,
			);
			path = VimeoSP_v2;
			sourceTree = "<group>";
		};
/* End PBXFileSystemSynchronizedRootGroup section */

/* Begin PBXFrameworksBuildPhase section */
		15FF4C1F2EC9937000E7888D /* Frameworks */ = {
			isa = PBXFrameworksBuildPhase;
			buildActionMask = 2147483647;
			files = (
				15FF4C522ECCA0EC00E7888D /* Alamofire in Frameworks */,
				15FF4C3F2EC9976700E7888D /* SDWebImage in Frameworks */,
				15FF4C3C2EC9975A00E7888D /* SnapKit in Frameworks */,
			);
			runOnlyForDeploymentPostprocessing = 0;
		};
/* End PBXFrameworksBuildPhase section */

/* Begin PBXGroup section */
		15FF4C192EC9937000E7888D = {
			isa = PBXGroup;
			children = (
				15FF4C6E2ED353B900E7888D /* Feature */,
				15FF4C4D2ECA21CC00E7888D /* Network */,
				15FF4C492EC9A3E600E7888D /* Extension */,
				15FF4C442EC99C4600E7888D /* MainMe */,
				15FF4C432EC99C3F00E7888D /* MainHome */,
				15FF4C402EC99BE800E7888D /* MainTabBar */,
				15FF4C242EC9937000E7888D /* VimeoSP_v2 */,
				15FF4C232EC9937000E7888D /* Products */,
			);
			sourceTree = "<group>";
		};
		15FF4C232EC9937000E7888D /* Products */ = {
			isa = PBXGroup;
			children = (
				15FF4C222EC9937000E7888D /* VimeoSP_v2.app */,
			);
			name = Products;
			sourceTree = "<group>";
		};
		15FF4C402EC99BE800E7888D /* MainTabBar */ = {
			isa = PBXGroup;
			children = (
				15FF4C412EC99C0100E7888D /* MainTabBar.swift */,
			);
			path = MainTabBar;
			sourceTree = "<group>";
		};
		15FF4C432EC99C3F00E7888D /* MainHome */ = {
			isa = PBXGroup;
			children = (
				15FF4C452EC99C6100E7888D /* MainHomeViewController.swift */,
			);
			path = MainHome;
			sourceTree = "<group>";
		};
		15FF4C442EC99C4600E7888D /* MainMe */ = {
			isa = PBXGroup;
			children = (
				15FF4C5E2ECCB8F900E7888D /* ViewController */,
				15FF4C5D2ECCB8EE00E7888D /* View */,
				15FF4C5C2ECCB8E300E7888D /* ViewModel */,
				15FF4C5B2ECCB8DD00E7888D /* Service */,
				15FF4C5A2ECCB8D800E7888D /* Model */,
			);
			path = MainMe;
			sourceTree = "<group>";
		};
		15FF4C492EC9A3E600E7888D /* Extension */ = {
			isa = PBXGroup;
			children = (
				15FF4C6B2ED216C500E7888D /* Int */,
				15FF4C4A2EC9A3EB00E7888D /* UIColor */,
			);
			path = Extension;
			sourceTree = "<group>";
		};
		15FF4C4A2EC9A3EB00E7888D /* UIColor */ = {
			isa = PBXGroup;
			children = (
				15FF4C4B2ECA1F1E00E7888D /* UIColorExtension.swift */,
			);
			path = UIColor;
			sourceTree = "<group>";
		};
		15FF4C4D2ECA21CC00E7888D /* Network */ = {
			isa = PBXGroup;
			children = (
				15FF4C4E2ECA21E400E7888D /* APIConfig.swift */,
				15FF4C582ECCAD4B00E7888D /* URLConfig.swift */,
			);
			path = Network;
			sourceTree = "<group>";
		};
		15FF4C532ECCA89D00E7888D /* BaseView */ = {
			isa = PBXGroup;
			children = (
				15FF4C562ECCA8D000E7888D /* BaseMainViewController.swift */,
			);
			path = BaseView;
			sourceTree = "<group>";
		};
		15FF4C5A2ECCB8D800E7888D /* Model */ = {
			isa = PBXGroup;
			children = (
				15FF4C5F2ECCB91100E7888D /* MainMeModel.swift */,
			);
			path = Model;
			sourceTree = "<group>";
		};
		15FF4C5B2ECCB8DD00E7888D /* Service */ = {
			isa = PBXGroup;
			children = (
				15FF4C622ECCBA2200E7888D /* MainMeService.swift */,
			);
			path = Service;
			sourceTree = "<group>";
		};
		15FF4C5C2ECCB8E300E7888D /* ViewModel */ = {
			isa = PBXGroup;
			children = (
				15FF4C642ECCBADA00E7888D /* MainMeViewModel.swift */,
			);
			path = ViewModel;
			sourceTree = "<group>";
		};
		15FF4C5D2ECCB8EE00E7888D /* View */ = {
			isa = PBXGroup;
			children = (
				15FF4C662ECE0CF700E7888D /* MainMeCell.swift */,
				15FF4C682ED20B6F00E7888D /* MainMeSubCell.swift */,
			);
			path = View;
			sourceTree = "<group>";
		};
		15FF4C5E2ECCB8F900E7888D /* ViewController */ = {
			isa = PBXGroup;
			children = (
				15FF4C472EC99C8300E7888D /* MainMeViewController.swift */,
			);
			path = ViewController;
			sourceTree = "<group>";
		};
		15FF4C6B2ED216C500E7888D /* Int */ = {
			isa = PBXGroup;
			children = (
				15FF4C6A2ED216C500E7888D /* IntExtension.swift */,
			);
			path = Int;
			sourceTree = "<group>";
		};
		15FF4C6E2ED353B900E7888D /* Feature */ = {
			isa = PBXGroup;
			children = (
				15FF4C6F2ED353C600E7888D /* Components */,
				15FF4C532ECCA89D00E7888D /* BaseView */,
			);
			path = Feature;
			sourceTree = "<group>";
		};
		15FF4C6F2ED353C600E7888D /* Components */ = {
			isa = PBXGroup;
			children = (
				15FF4C702ED354A100E7888D /* IconStatItemCell */,
			);
			path = Components;
			sourceTree = "<group>";
		};
		15FF4C702ED354A100E7888D /* IconStatItemCell */ = {
			isa = PBXGroup;
			children = (
				15FF4C752ED35A7400E7888D /* IconStatItemCollectionView.swift */,
				15FF4C712ED354D000E7888D /* IconStatItemModel.swift */,
				15FF4C732ED355E300E7888D /* IconStatItemCell.swift */,
			);
			path = IconStatItemCell;
			sourceTree = "<group>";
		};
/* End PBXGroup section */

/* Begin PBXNativeTarget section */
		15FF4C212EC9937000E7888D /* VimeoSP_v2 */ = {
			isa = PBXNativeTarget;
			buildConfigurationList = 15FF4C352EC9937100E7888D /* Build configuration list for PBXNativeTarget "VimeoSP_v2" */;
			buildPhases = (
				15FF4C1E2EC9937000E7888D /* Sources */,
				15FF4C1F2EC9937000E7888D /* Frameworks */,
				15FF4C202EC9937000E7888D /* Resources */,
			);
			buildRules = (
			);
			dependencies = (
			);
			fileSystemSynchronizedGroups = (
				15FF4C242EC9937000E7888D /* VimeoSP_v2 */,
			);
			name = VimeoSP_v2;
			packageProductDependencies = (
				15FF4C3B2EC9975A00E7888D /* SnapKit */,
				15FF4C3E2EC9976700E7888D /* SDWebImage */,
				15FF4C512ECCA0EC00E7888D /* Alamofire */,
			);
			productName = VimeoSP_v2;
			productReference = 15FF4C222EC9937000E7888D /* VimeoSP_v2.app */;
			productType = "com.apple.product-type.application";
		};
/* End PBXNativeTarget section */

/* Begin PBXProject section */
		15FF4C1A2EC9937000E7888D /* Project object */ = {
			isa = PBXProject;
			attributes = {
				BuildIndependentTargetsInParallel = 1;
				LastSwiftUpdateCheck = 2610;
				LastUpgradeCheck = 2610;
				TargetAttributes = {
					15FF4C212EC9937000E7888D = {
						CreatedOnToolsVersion = 26.1.1;
					};
				};
			};
			buildConfigurationList = 15FF4C1D2EC9937000E7888D /* Build configuration list for PBXProject "VimeoSP_v2" */;
			developmentRegion = en;
			hasScannedForEncodings = 0;
			knownRegions = (
				en,
				Base,
			);
			mainGroup = 15FF4C192EC9937000E7888D;
			minimizedProjectReferenceProxies = 1;
			packageReferences = (
				15FF4C3A2EC9975A00E7888D /* XCRemoteSwiftPackageReference "SnapKit" */,
				15FF4C3D2EC9976700E7888D /* XCRemoteSwiftPackageReference "SDWebImage" */,
				15FF4C502ECCA0EC00E7888D /* XCRemoteSwiftPackageReference "Alamofire" */,
			);
			preferredProjectObjectVersion = 77;
			productRefGroup = 15FF4C232EC9937000E7888D /* Products */;
			projectDirPath = "";
			projectRoot = "";
			targets = (
				15FF4C212EC9937000E7888D /* VimeoSP_v2 */,
			);
		};
/* End PBXProject section */

/* Begin PBXResourcesBuildPhase section */
		15FF4C202EC9937000E7888D /* Resources */ = {
			isa = PBXResourcesBuildPhase;
			buildActionMask = 2147483647;
			files = (
			);
			runOnlyForDeploymentPostprocessing = 0;
		};
/* End PBXResourcesBuildPhase section */

/* Begin PBXSourcesBuildPhase section */
		15FF4C1E2EC9937000E7888D /* Sources */ = {
			isa = PBXSourcesBuildPhase;
			buildActionMask = 2147483647;
			files = (
				15FF4C762ED35A7400E7888D /* IconStatItemCollectionView.swift in Sources */,
				15FF4C422EC99C0100E7888D /* MainTabBar.swift in Sources */,
				15FF4C4C2ECA1F1E00E7888D /* UIColorExtension.swift in Sources */,
				15FF4C632ECCBA2200E7888D /* MainMeService.swift in Sources */,
				15FF4C742ED355E300E7888D /* IconStatItemCell.swift in Sources */,
				15FF4C4F2ECA21E400E7888D /* APIConfig.swift in Sources */,
				15FF4C462EC99C6100E7888D /* MainHomeViewController.swift in Sources */,
				15FF4C6C2ED216C500E7888D /* IntExtension.swift in Sources */,
				15FF4C572ECCA8D000E7888D /* BaseMainViewController.swift in Sources */,
				15FF4C602ECCB91100E7888D /* MainMeModel.swift in Sources */,
				15FF4C592ECCAD4B00E7888D /* URLConfig.swift in Sources */,
				15FF4C692ED20B6F00E7888D /* MainMeSubCell.swift in Sources */,
				15FF4C482EC99C8300E7888D /* MainMeViewController.swift in Sources */,
				15FF4C672ECE0CF700E7888D /* MainMeCell.swift in Sources */,
				15FF4C722ED354D000E7888D /* IconStatItemModel.swift in Sources */,
				15FF4C652ECCBADA00E7888D /* MainMeViewModel.swift in Sources */,
			);
			runOnlyForDeploymentPostprocessing = 0;
		};
/* End PBXSourcesBuildPhase section */

/* Begin XCBuildConfiguration section */
		15FF4C362EC9937100E7888D /* Debug */ = {
			isa = XCBuildConfiguration;
			buildSettings = {
				ASSETCATALOG_COMPILER_APPICON_NAME = AppIcon;
				ASSETCATALOG_COMPILER_GLOBAL_ACCENT_COLOR_NAME = AccentColor;
				CODE_SIGN_IDENTITY = "Apple Development";
				CODE_SIGN_STYLE = Automatic;
				CURRENT_PROJECT_VERSION = 1;
				DEVELOPMENT_TEAM = G5A93Q7SG9;
				GENERATE_INFOPLIST_FILE = YES;
				INFOPLIST_FILE = VimeoSP_v2/Info.plist;
				INFOPLIST_KEY_UIApplicationSupportsIndirectInputEvents = YES;
				INFOPLIST_KEY_UILaunchStoryboardName = LaunchScreen;
				INFOPLIST_KEY_UISupportedInterfaceOrientations_iPad = "UIInterfaceOrientationPortrait UIInterfaceOrientationPortraitUpsideDown UIInterfaceOrientationLandscapeLeft UIInterfaceOrientationLandscapeRight";
				INFOPLIST_KEY_UISupportedInterfaceOrientations_iPhone = "UIInterfaceOrientationPortrait UIInterfaceOrientationLandscapeLeft UIInterfaceOrientationLandscapeRight";
				LD_RUNPATH_SEARCH_PATHS = (
					"$(inherited)",
					"@executable_path/Frameworks",
				);
				MARKETING_VERSION = 1.0;
				PRODUCT_BUNDLE_IDENTIFIER = co.willyhsu.VimeoSPv2;
				PRODUCT_NAME = "$(TARGET_NAME)";
				PROVISIONING_PROFILE_SPECIFIER = "";
				STRING_CATALOG_GENERATE_SYMBOLS = YES;
				SWIFT_APPROACHABLE_CONCURRENCY = YES;
				SWIFT_DEFAULT_ACTOR_ISOLATION = MainActor;
				SWIFT_EMIT_LOC_STRINGS = YES;
				SWIFT_UPCOMING_FEATURE_MEMBER_IMPORT_VISIBILITY = YES;
				SWIFT_VERSION = 5.0;
				TARGETED_DEVICE_FAMILY = "1,2";
			};
			name = Debug;
		};
		15FF4C372EC9937100E7888D /* Release */ = {
			isa = XCBuildConfiguration;
			buildSettings = {
				ASSETCATALOG_COMPILER_APPICON_NAME = AppIcon;
				ASSETCATALOG_COMPILER_GLOBAL_ACCENT_COLOR_NAME = AccentColor;
				CODE_SIGN_IDENTITY = "Apple Development";
				CODE_SIGN_STYLE = Automatic;
				CURRENT_PROJECT_VERSION = 1;
				DEVELOPMENT_TEAM = G5A93Q7SG9;
				GENERATE_INFOPLIST_FILE = YES;
				INFOPLIST_FILE = VimeoSP_v2/Info.plist;
				INFOPLIST_KEY_UIApplicationSupportsIndirectInputEvents = YES;
				INFOPLIST_KEY_UILaunchStoryboardName = LaunchScreen;
				INFOPLIST_KEY_UISupportedInterfaceOrientations_iPad = "UIInterfaceOrientationPortrait UIInterfaceOrientationPortraitUpsideDown UIInterfaceOrientationLandscapeLeft UIInterfaceOrientationLandscapeRight";
				INFOPLIST_KEY_UISupportedInterfaceOrientations_iPhone = "UIInterfaceOrientationPortrait UIInterfaceOrientationLandscapeLeft UIInterfaceOrientationLandscapeRight";
				LD_RUNPATH_SEARCH_PATHS = (
					"$(inherited)",
					"@executable_path/Frameworks",
				);
				MARKETING_VERSION = 1.0;
				PRODUCT_BUNDLE_IDENTIFIER = co.willyhsu.VimeoSPv2;
				PRODUCT_NAME = "$(TARGET_NAME)";
				PROVISIONING_PROFILE_SPECIFIER = "";
				STRING_CATALOG_GENERATE_SYMBOLS = YES;
				SWIFT_APPROACHABLE_CONCURRENCY = YES;
				SWIFT_DEFAULT_ACTOR_ISOLATION = MainActor;
				SWIFT_EMIT_LOC_STRINGS = YES;
				SWIFT_UPCOMING_FEATURE_MEMBER_IMPORT_VISIBILITY = YES;
				SWIFT_VERSION = 5.0;
				TARGETED_DEVICE_FAMILY = "1,2";
			};
			name = Release;
		};
		15FF4C382EC9937100E7888D /* Debug */ = {
			isa = XCBuildConfiguration;
			buildSettings = {
				ALWAYS_SEARCH_USER_PATHS = NO;
				ASSETCATALOG_COMPILER_GENERATE_SWIFT_ASSET_SYMBOL_EXTENSIONS = YES;
				CLANG_ANALYZER_NONNULL = YES;
				CLANG_ANALYZER_NUMBER_OBJECT_CONVERSION = YES_AGGRESSIVE;
				CLANG_CXX_LANGUAGE_STANDARD = "gnu++20";
				CLANG_ENABLE_MODULES = YES;
				CLANG_ENABLE_OBJC_ARC = YES;
				CLANG_ENABLE_OBJC_WEAK = YES;
				CLANG_WARN_BLOCK_CAPTURE_AUTORELEASING = YES;
				CLANG_WARN_BOOL_CONVERSION = YES;
				CLANG_WARN_COMMA = YES;
				CLANG_WARN_CONSTANT_CONVERSION = YES;
				CLANG_WARN_DEPRECATED_OBJC_IMPLEMENTATIONS = YES;
				CLANG_WARN_DIRECT_OBJC_ISA_USAGE = YES_ERROR;
				CLANG_WARN_DOCUMENTATION_COMMENTS = YES;
				CLANG_WARN_EMPTY_BODY = YES;
				CLANG_WARN_ENUM_CONVERSION = YES;
				CLANG_WARN_INFINITE_RECURSION = YES;
				CLANG_WARN_INT_CONVERSION = YES;
				CLANG_WARN_NON_LITERAL_NULL_CONVERSION = YES;
				CLANG_WARN_OBJC_IMPLICIT_RETAIN_SELF = YES;
				CLANG_WARN_OBJC_LITERAL_CONVERSION = YES;
				CLANG_WARN_OBJC_ROOT_CLASS = YES_ERROR;
				CLANG_WARN_QUOTED_INCLUDE_IN_FRAMEWORK_HEADER = YES;
				CLANG_WARN_RANGE_LOOP_ANALYSIS = YES;
				CLANG_WARN_STRICT_PROTOTYPES = YES;
				CLANG_WARN_SUSPICIOUS_MOVE = YES;
				CLANG_WARN_UNGUARDED_AVAILABILITY = YES_AGGRESSIVE;
				CLANG_WARN_UNREACHABLE_CODE = YES;
				CLANG_WARN__DUPLICATE_METHOD_MATCH = YES;
				COPY_PHASE_STRIP = NO;
				DEBUG_INFORMATION_FORMAT = dwarf;
				DEVELOPMENT_TEAM = G5A93Q7SG9;
				ENABLE_STRICT_OBJC_MSGSEND = YES;
				ENABLE_TESTABILITY = YES;
				ENABLE_USER_SCRIPT_SANDBOXING = YES;
				GCC_C_LANGUAGE_STANDARD = gnu17;
				GCC_DYNAMIC_NO_PIC = NO;
				GCC_NO_COMMON_BLOCKS = YES;
				GCC_OPTIMIZATION_LEVEL = 0;
				GCC_PREPROCESSOR_DEFINITIONS = (
					"DEBUG=1",
					"$(inherited)",
				);
				GCC_WARN_64_TO_32_BIT_CONVERSION = YES;
				GCC_WARN_ABOUT_RETURN_TYPE = YES_ERROR;
				GCC_WARN_UNDECLARED_SELECTOR = YES;
				GCC_WARN_UNINITIALIZED_AUTOS = YES_AGGRESSIVE;
				GCC_WARN_UNUSED_FUNCTION = YES;
				GCC_WARN_UNUSED_VARIABLE = YES;
				IPHONEOS_DEPLOYMENT_TARGET = 16.6;
				LOCALIZATION_PREFERS_STRING_CATALOGS = YES;
				MTL_ENABLE_DEBUG_INFO = INCLUDE_SOURCE;
				MTL_FAST_MATH = YES;
				ONLY_ACTIVE_ARCH = YES;
				SDKROOT = iphoneos;
				SWIFT_ACTIVE_COMPILATION_CONDITIONS = "DEBUG $(inherited)";
				SWIFT_OPTIMIZATION_LEVEL = "-Onone";
			};
			name = Debug;
		};
		15FF4C392EC9937100E7888D /* Release */ = {
			isa = XCBuildConfiguration;
			buildSettings = {
				ALWAYS_SEARCH_USER_PATHS = NO;
				ASSETCATALOG_COMPILER_GENERATE_SWIFT_ASSET_SYMBOL_EXTENSIONS = YES;
				CLANG_ANALYZER_NONNULL = YES;
				CLANG_ANALYZER_NUMBER_OBJECT_CONVERSION = YES_AGGRESSIVE;
				CLANG_CXX_LANGUAGE_STANDARD = "gnu++20";
				CLANG_ENABLE_MODULES = YES;
				CLANG_ENABLE_OBJC_ARC = YES;
				CLANG_ENABLE_OBJC_WEAK = YES;
				CLANG_WARN_BLOCK_CAPTURE_AUTORELEASING = YES;
				CLANG_WARN_BOOL_CONVERSION = YES;
				CLANG_WARN_COMMA = YES;
				CLANG_WARN_CONSTANT_CONVERSION = YES;
				CLANG_WARN_DEPRECATED_OBJC_IMPLEMENTATIONS = YES;
				CLANG_WARN_DIRECT_OBJC_ISA_USAGE = YES_ERROR;
				CLANG_WARN_DOCUMENTATION_COMMENTS = YES;
				CLANG_WARN_EMPTY_BODY = YES;
				CLANG_WARN_ENUM_CONVERSION = YES;
				CLANG_WARN_INFINITE_RECURSION = YES;
				CLANG_WARN_INT_CONVERSION = YES;
				CLANG_WARN_NON_LITERAL_NULL_CONVERSION = YES;
				CLANG_WARN_OBJC_IMPLICIT_RETAIN_SELF = YES;
				CLANG_WARN_OBJC_LITERAL_CONVERSION = YES;
				CLANG_WARN_OBJC_ROOT_CLASS = YES_ERROR;
				CLANG_WARN_QUOTED_INCLUDE_IN_FRAMEWORK_HEADER = YES;
				CLANG_WARN_RANGE_LOOP_ANALYSIS = YES;
				CLANG_WARN_STRICT_PROTOTYPES = YES;
				CLANG_WARN_SUSPICIOUS_MOVE = YES;
				CLANG_WARN_UNGUARDED_AVAILABILITY = YES_AGGRESSIVE;
				CLANG_WARN_UNREACHABLE_CODE = YES;
				CLANG_WARN__DUPLICATE_METHOD_MATCH = YES;
				COPY_PHASE_STRIP = NO;
				DEBUG_INFORMATION_FORMAT = "dwarf-with-dsym";
				DEVELOPMENT_TEAM = G5A93Q7SG9;
				ENABLE_NS_ASSERTIONS = NO;
				ENABLE_STRICT_OBJC_MSGSEND = YES;
				ENABLE_USER_SCRIPT_SANDBOXING = YES;
				GCC_C_LANGUAGE_STANDARD = gnu17;
				GCC_NO_COMMON_BLOCKS = YES;
				GCC_WARN_64_TO_32_BIT_CONVERSION = YES;
				GCC_WARN_ABOUT_RETURN_TYPE = YES_ERROR;
				GCC_WARN_UNDECLARED_SELECTOR = YES;
				GCC_WARN_UNINITIALIZED_AUTOS = YES_AGGRESSIVE;
				GCC_WARN_UNUSED_FUNCTION = YES;
				GCC_WARN_UNUSED_VARIABLE = YES;
				IPHONEOS_DEPLOYMENT_TARGET = 16.6;
				LOCALIZATION_PREFERS_STRING_CATALOGS = YES;
				MTL_ENABLE_DEBUG_INFO = NO;
				MTL_FAST_MATH = YES;
				SDKROOT = iphoneos;
				SWIFT_COMPILATION_MODE = wholemodule;
				VALIDATE_PRODUCT = YES;
			};
			name = Release;
		};
/* End XCBuildConfiguration section */

/* Begin XCConfigurationList section */
		15FF4C1D2EC9937000E7888D /* Build configuration list for PBXProject "VimeoSP_v2" */ = {
			isa = XCConfigurationList;
			buildConfigurations = (
				15FF4C382EC9937100E7888D /* Debug */,
				15FF4C392EC9937100E7888D /* Release */,
			);
			defaultConfigurationIsVisible = 0;
			defaultConfigurationName = Release;
		};
		15FF4C352EC9937100E7888D /* Build configuration list for PBXNativeTarget "VimeoSP_v2" */ = {
			isa = XCConfigurationList;
			buildConfigurations = (
				15FF4C362EC9937100E7888D /* Debug */,
				15FF4C372EC9937100E7888D /* Release */,
			);
			defaultConfigurationIsVisible = 0;
			defaultConfigurationName = Release;
		};
/* End XCConfigurationList section */

/* Begin XCRemoteSwiftPackageReference section */
		15FF4C3A2EC9975A00E7888D /* XCRemoteSwiftPackageReference "SnapKit" */ = {
			isa = XCRemoteSwiftPackageReference;
			repositoryURL = "https://github.com/SnapKit/SnapKit";
			requirement = {
				kind = upToNextMajorVersion;
				minimumVersion = 5.7.1;
			};
		};
		15FF4C3D2EC9976700E7888D /* XCRemoteSwiftPackageReference "SDWebImage" */ = {
			isa = XCRemoteSwiftPackageReference;
			repositoryURL = "https://github.com/SDWebImage/SDWebImage";
			requirement = {
				kind = upToNextMajorVersion;
				minimumVersion = 5.21.3;
			};
		};
		15FF4C502ECCA0EC00E7888D /* XCRemoteSwiftPackageReference "Alamofire" */ = {
			isa = XCRemoteSwiftPackageReference;
			repositoryURL = "https://github.com/Alamofire/Alamofire";
			requirement = {
				kind = upToNextMajorVersion;
				minimumVersion = 5.10.2;
			};
		};
/* End XCRemoteSwiftPackageReference section */

/* Begin XCSwiftPackageProductDependency section */
		15FF4C3B2EC9975A00E7888D /* SnapKit */ = {
			isa = XCSwiftPackageProductDependency;
			package = 15FF4C3A2EC9975A00E7888D /* XCRemoteSwiftPackageReference "SnapKit" */;
			productName = SnapKit;
		};
		15FF4C3E2EC9976700E7888D /* SDWebImage */ = {
			isa = XCSwiftPackageProductDependency;
			package = 15FF4C3D2EC9976700E7888D /* XCRemoteSwiftPackageReference "SDWebImage" */;
			productName = SDWebImage;
		};
		15FF4C512ECCA0EC00E7888D /* Alamofire */ = {
			isa = XCSwiftPackageProductDependency;
			package = 15FF4C502ECCA0EC00E7888D /* XCRemoteSwiftPackageReference "Alamofire" */;
			productName = Alamofire;
		};
/* End XCSwiftPackageProductDependency section */
	};
	rootObject = 15FF4C1A2EC9937000E7888D /* Project object */;
}
