// !$*UTF8*$!
{
	archiveVersion = 1;
	classes = {
	};
	objectVersion = 77;
	objects = {

/* Begin PBXBuildFile section */
		154CC1592EF03E2B00C939EA /* RightBarButtonPresentable.swift in Sources */ = {isa = PBXBuildFile; fileRef = 154CC1582EF03E2B00C939EA /* RightBarButtonPresentable.swift */; };
		154CC15B2EF04A2800C939EA /* VideoPlayerWebView.swift in Sources */ = {isa = PBXBuildFile; fileRef = 154CC15A2EF04A2800C939EA /* VideoPlayerWebView.swift */; };
		154CC15F2EF054E400C939EA /* MainHomeModel.swift in Sources */ = {isa = PBXBuildFile; fileRef = 154CC15D2EF054E400C939EA /* MainHomeModel.swift */; };
		154CC1632EF0570200C939EA /* MainHomeService.swift in Sources */ = {isa = PBXBuildFile; fileRef = 154CC1612EF0570200C939EA /* MainHomeService.swift */; };
		154CC1662EF0584F00C939EA /* MainHomeViewModel.swift in Sources */ = {isa = PBXBuildFile; fileRef = 154CC1642EF0584F00C939EA /* MainHomeViewModel.swift */; };
		154CC16A2EF19D4900C939EA /* MainHomeSectionCell.swift in Sources */ = {isa = PBXBuildFile; fileRef = 154CC1672EF19D4900C939EA /* MainHomeSectionCell.swift */; };
		154CC16B2EF19D4900C939EA /* MainHomeVideoCell.swift in Sources */ = {isa = PBXBuildFile; fileRef = 154CC1682EF19D4900C939EA /* MainHomeVideoCell.swift */; };
		15987CF32EDDDDDD00242C99 /* HomeSearchResultsViewController.swift in Sources */ = {isa = PBXBuildFile; fileRef = 15987CF22EDDDDDD00242C99 /* HomeSearchResultsViewController.swift */; };
		15987CFA2EE086C400242C99 /* HomeSearchModel.swift in Sources */ = {isa = PBXBuildFile; fileRef = 15987CF92EE086C400242C99 /* HomeSearchModel.swift */; };
		15987CFC2EE0892600242C99 /* HomeSearchService.swift in Sources */ = {isa = PBXBuildFile; fileRef = 15987CFB2EE0892600242C99 /* HomeSearchService.swift */; };
		15987CFE2EE08B0600242C99 /* HomeSearchViewModel.swift in Sources */ = {isa = PBXBuildFile; fileRef = 15987CFD2EE08B0600242C99 /* HomeSearchViewModel.swift */; };
		15987D012EE08E0B00242C99 /* SearchResultCell.swift in Sources */ = {isa = PBXBuildFile; fileRef = 15987D002EE08E0B00242C99 /* SearchResultCell.swift */; };
		15A35AC92EDC2098005C25CC /* TagFlowView.swift in Sources */ = {isa = PBXBuildFile; fileRef = 15A35AC72EDC2098005C25CC /* TagFlowView.swift */; };
		15A35ACC2EDC3D08005C25CC /* MainMeSectionProvider.swift in Sources */ = {isa = PBXBuildFile; fileRef = 15A35ACA2EDC3D08005C25CC /* MainMeSectionProvider.swift */; };
		15A993A32EF309AF00F255E4 /* MainHomeCarouselCell.swift in Sources */ = {isa = PBXBuildFile; fileRef = 15A993A22EF309AF00F255E4 /* MainHomeCarouselCell.swift */; };
		15A993A62EF30A1900F255E4 /* CarouselVideoCell.swift in Sources */ = {isa = PBXBuildFile; fileRef = 15A993A52EF30A1900F255E4 /* CarouselVideoCell.swift */; };
		15F225822EE7065D008C309C /* VideoPlayerViewController.swift in Sources */ = {isa = PBXBuildFile; fileRef = 15F225812EE7065D008C309C /* VideoPlayerViewController.swift */; };
		15F225852EE70A62008C309C /* VideoPlayerModel.swift in Sources */ = {isa = PBXBuildFile; fileRef = 15F225842EE70A62008C309C /* VideoPlayerModel.swift */; };
		15F225882EE70D61008C309C /* VideoPlayerService.swift in Sources */ = {isa = PBXBuildFile; fileRef = 15F225872EE70D61008C309C /* VideoPlayerService.swift */; };
		15F2258A2EE71081008C309C /* VideoPlayerViewModel.swift in Sources */ = {isa = PBXBuildFile; fileRef = 15F225892EE71081008C309C /* VideoPlayerViewModel.swift */; };
		15F2258C2EE714BB008C309C /* BaseViewModel.swift in Sources */ = {isa = PBXBuildFile; fileRef = 15F2258B2EE714BB008C309C /* BaseViewModel.swift */; };
		15F225902EE87053008C309C /* ErrorAlert.swift in Sources */ = {isa = PBXBuildFile; fileRef = 15F2258F2EE87053008C309C /* ErrorAlert.swift */; };
		15F225922EEB0F04008C309C /* AlertPresentable.swift in Sources */ = {isa = PBXBuildFile; fileRef = 15F225912EEB0F04008C309C /* AlertPresentable.swift */; };
		15F225982EEB11BC008C309C /* LoadingPresentable.swift in Sources */ = {isa = PBXBuildFile; fileRef = 15F225952EEB11BC008C309C /* LoadingPresentable.swift */; };
		15F225992EEB11BC008C309C /* KeyboardDismissable.swift in Sources */ = {isa = PBXBuildFile; fileRef = 15F225942EEB11BC008C309C /* KeyboardDismissable.swift */; };
		15F2259A2EEB11BC008C309C /* EmptyStatePresentable.swift in Sources */ = {isa = PBXBuildFile; fileRef = 15F225932EEB11BC008C309C /* EmptyStatePresentable.swift */; };
		15F2259B2EEB11BC008C309C /* Refreshable.swift in Sources */ = {isa = PBXBuildFile; fileRef = 15F225962EEB11BC008C309C /* Refreshable.swift */; };
		15F2259C2EEB11BC008C309C /* ToastPresentable.swift in Sources */ = {isa = PBXBuildFile; fileRef = 15F225972EEB11BC008C309C /* ToastPresentable.swift */; };
		15F225A82EEEB3B0008C309C /* BackButtonPresentable.swift in Sources */ = {isa = PBXBuildFile; fileRef = 15F225A72EEEB3B0008C309C /* BackButtonPresentable.swift */; };
		15FF4C3C2EC9975A00E7888D /* SnapKit in Frameworks */ = {isa = PBXBuildFile; productRef = 15FF4C3B2EC9975A00E7888D /* SnapKit */; };
		15FF4C3F2EC9976700E7888D /* SDWebImage in Frameworks */ = {isa = PBXBuildFile; productRef = 15FF4C3E2EC9976700E7888D /* SDWebImage */; };
		15FF4C422EC99C0100E7888D /* MainTabBar.swift in Sources */ = {isa = PBXBuildFile; fileRef = 15FF4C412EC99C0100E7888D /* MainTabBar.swift */; };
		15FF4C462EC99C6100E7888D /* MainHomeViewController.swift in Sources */ = {isa = PBXBuildFile; fileRef = 15FF4C452EC99C6100E7888D /* MainHomeViewController.swift */; };
		15FF4C482EC99C8300E7888D /* MainMeViewController.swift in Sources */ = {isa = PBXBuildFile; fileRef = 15FF4C472EC99C8300E7888D /* MainMeViewController.swift */; };
		15FF4C4C2ECA1F1E00E7888D /* UIColorExtension.swift in Sources */ = {isa = PBXBuildFile; fileRef = 15FF4C4B2ECA1F1E00E7888D /* UIColorExtension.swift */; };
		15FF4C4F2ECA21E400E7888D /* APIConfig.swift in Sources */ = {isa = PBXBuildFile; fileRef = 15FF4C4E2ECA21E400E7888D /* APIConfig.swift */; };
		15FF4C522ECCA0EC00E7888D /* Alamofire in Frameworks */ = {isa = PBXBuildFile; productRef = 15FF4C512ECCA0EC00E7888D /* Alamofire */; };
		15FF4C572ECCA8D000E7888D /* BaseMainViewController.swift in Sources */ = {isa = PBXBuildFile; fileRef = 15FF4C562ECCA8D000E7888D /* BaseMainViewController.swift */; };
		15FF4C592ECCAD4B00E7888D /* URLConfig.swift in Sources */ = {isa = PBXBuildFile; fileRef = 15FF4C582ECCAD4B00E7888D /* URLConfig.swift */; };
		15FF4C602ECCB91100E7888D /* MainMeModel.swift in Sources */ = {isa = PBXBuildFile; fileRef = 15FF4C5F2ECCB91100E7888D /* MainMeModel.swift */; };
		15FF4C632ECCBA2200E7888D /* MainMeService.swift in Sources */ = {isa = PBXBuildFile; fileRef = 15FF4C622ECCBA2200E7888D /* MainMeService.swift */; };
		15FF4C652ECCBADA00E7888D /* MainMeViewModel.swift in Sources */ = {isa = PBXBuildFile; fileRef = 15FF4C642ECCBADA00E7888D /* MainMeViewModel.swift */; };
		15FF4C672ECE0CF700E7888D /* MainMeCell.swift in Sources */ = {isa = PBXBuildFile; fileRef = 15FF4C662ECE0CF700E7888D /* MainMeCell.swift */; };
		15FF4C692ED20B6F00E7888D /* MainMeSubCell.swift in Sources */ = {isa = PBXBuildFile; fileRef = 15FF4C682ED20B6F00E7888D /* MainMeSubCell.swift */; };
		15FF4C6C2ED216C500E7888D /* IntExtension.swift in Sources */ = {isa = PBXBuildFile; fileRef = 15FF4C6A2ED216C500E7888D /* IntExtension.swift */; };
		15FF4C722ED354D000E7888D /* IconStatItemModel.swift in Sources */ = {isa = PBXBuildFile; fileRef = 15FF4C712ED354D000E7888D /* IconStatItemModel.swift */; };
		15FF4C742ED355E300E7888D /* IconStatItemCell.swift in Sources */ = {isa = PBXBuildFile; fileRef = 15FF4C732ED355E300E7888D /* IconStatItemCell.swift */; };
		15FF4C762ED35A7400E7888D /* IconStatItemCollectionView.swift in Sources */ = {isa = PBXBuildFile; fileRef = 15FF4C752ED35A7400E7888D /* IconStatItemCollectionView.swift */; };
/* End PBXBuildFile section */

/* Begin PBXFileReference section */
		154CC1582EF03E2B00C939EA /* RightBarButtonPresentable.swift */ = {isa = PBXFileReference; lastKnownFileType = sourcecode.swift; path = RightBarButtonPresentable.swift; sourceTree = "<group>"; };
		154CC15A2EF04A2800C939EA /* VideoPlayerWebView.swift */ = {isa = PBXFileReference; lastKnownFileType = sourcecode.swift; path = VideoPlayerWebView.swift; sourceTree = "<group>"; };
		154CC15D2EF054E400C939EA /* MainHomeModel.swift */ = {isa = PBXFileReference; lastKnownFileType = sourcecode.swift; path = MainHomeModel.swift; sourceTree = "<group>"; };
		154CC1612EF0570200C939EA /* MainHomeService.swift */ = {isa = PBXFileReference; lastKnownFileType = sourcecode.swift; path = MainHomeService.swift; sourceTree = "<group>"; };
		154CC1642EF0584F00C939EA /* MainHomeViewModel.swift */ = {isa = PBXFileReference; lastKnownFileType = sourcecode.swift; path = MainHomeViewModel.swift; sourceTree = "<group>"; };
		154CC1672EF19D4900C939EA /* MainHomeSectionCell.swift */ = {isa = PBXFileReference; lastKnownFileType = sourcecode.swift; path = MainHomeSectionCell.swift; sourceTree = "<group>"; };
		154CC1682EF19D4900C939EA /* MainHomeVideoCell.swift */ = {isa = PBXFileReference; lastKnownFileType = sourcecode.swift; path = MainHomeVideoCell.swift; sourceTree = "<group>"; };
		15987CF22EDDDDDD00242C99 /* HomeSearchResultsViewController.swift */ = {isa = PBXFileReference; lastKnownFileType = sourcecode.swift; path = HomeSearchResultsViewController.swift; sourceTree = "<group>"; };
		15987CF92EE086C400242C99 /* HomeSearchModel.swift */ = {isa = PBXFileReference; lastKnownFileType = sourcecode.swift; path = HomeSearchModel.swift; sourceTree = "<group>"; };
		15987CFB2EE0892600242C99 /* HomeSearchService.swift */ = {isa = PBXFileReference; lastKnownFileType = sourcecode.swift; path = HomeSearchService.swift; sourceTree = "<group>"; };
		15987CFD2EE08B0600242C99 /* HomeSearchViewModel.swift */ = {isa = PBXFileReference; lastKnownFileType = sourcecode.swift; path = HomeSearchViewModel.swift; sourceTree = "<group>"; };
		15987D002EE08E0B00242C99 /* SearchResultCell.swift */ = {isa = PBXFileReference; lastKnownFileType = sourcecode.swift; path = SearchResultCell.swift; sourceTree = "<group>"; };
		15A35AC72EDC2098005C25CC /* TagFlowView.swift */ = {isa = PBXFileReference; lastKnownFileType = sourcecode.swift; path = TagFlowView.swift; sourceTree = "<group>"; };
		15A35ACA2EDC3D08005C25CC /* MainMeSectionProvider.swift */ = {isa = PBXFileReference; lastKnownFileType = sourcecode.swift; path = MainMeSectionProvider.swift; sourceTree = "<group>"; };
		15A993A22EF309AF00F255E4 /* MainHomeCarouselCell.swift */ = {isa = PBXFileReference; lastKnownFileType = sourcecode.swift; path = MainHomeCarouselCell.swift; sourceTree = "<group>"; };
		15A993A52EF30A1900F255E4 /* CarouselVideoCell.swift */ = {isa = PBXFileReference; lastKnownFileType = sourcecode.swift; path = CarouselVideoCell.swift; sourceTree = "<group>"; };
		15F225812EE7065D008C309C /* VideoPlayerViewController.swift */ = {isa = PBXFileReference; lastKnownFileType = sourcecode.swift; path = VideoPlayerViewController.swift; sourceTree = "<group>"; };
		15F225842EE70A62008C309C /* VideoPlayerModel.swift */ = {isa = PBXFileReference; lastKnownFileType = sourcecode.swift; path = VideoPlayerModel.swift; sourceTree = "<group>"; };
		15F225872EE70D61008C309C /* VideoPlayerService.swift */ = {isa = PBXFileReference; lastKnownFileType = sourcecode.swift; path = VideoPlayerService.swift; sourceTree = "<group>"; };
		15F225892EE71081008C309C /* VideoPlayerViewModel.swift */ = {isa = PBXFileReference; lastKnownFileType = sourcecode.swift; path = VideoPlayerViewModel.swift; sourceTree = "<group>"; };
		15F2258B2EE714BB008C309C /* BaseViewModel.swift */ = {isa = PBXFileReference; lastKnownFileType = sourcecode.swift; path = BaseViewModel.swift; sourceTree = "<group>"; };
		15F2258F2EE87053008C309C /* ErrorAlert.swift */ = {isa = PBXFileReference; lastKnownFileType = sourcecode.swift; path = ErrorAlert.swift; sourceTree = "<group>"; };
		15F225912EEB0F04008C309C /* AlertPresentable.swift */ = {isa = PBXFileReference; lastKnownFileType = sourcecode.swift; path = AlertPresentable.swift; sourceTree = "<group>"; };
		15F225932EEB11BC008C309C /* EmptyStatePresentable.swift */ = {isa = PBXFileReference; lastKnownFileType = sourcecode.swift; path = EmptyStatePresentable.swift; sourceTree = "<group>"; };
		15F225942EEB11BC008C309C /* KeyboardDismissable.swift */ = {isa = PBXFileReference; lastKnownFileType = sourcecode.swift; path = KeyboardDismissable.swift; sourceTree = "<group>"; };
		15F225952EEB11BC008C309C /* LoadingPresentable.swift */ = {isa = PBXFileReference; lastKnownFileType = sourcecode.swift; path = LoadingPresentable.swift; sourceTree = "<group>"; };
		15F225962EEB11BC008C309C /* Refreshable.swift */ = {isa = PBXFileReference; lastKnownFileType = sourcecode.swift; path = Refreshable.swift; sourceTree = "<group>"; };
		15F225972EEB11BC008C309C /* ToastPresentable.swift */ = {isa = PBXFileReference; lastKnownFileType = sourcecode.swift; path = ToastPresentable.swift; sourceTree = "<group>"; };
		15F225A72EEEB3B0008C309C /* BackButtonPresentable.swift */ = {isa = PBXFileReference; lastKnownFileType = sourcecode.swift; path = BackButtonPresentable.swift; sourceTree = "<group>"; };
		15FF4C222EC9937000E7888D /* VimeoSP_v2.app */ = {isa = PBXFileReference; explicitFileType = wrapper.application; includeInIndex = 0; path = VimeoSP_v2.app; sourceTree = BUILT_PRODUCTS_DIR; };
		15FF4C412EC99C0100E7888D /* MainTabBar.swift */ = {isa = PBXFileReference; lastKnownFileType = sourcecode.swift; path = MainTabBar.swift; sourceTree = "<group>"; };
		15FF4C452EC99C6100E7888D /* MainHomeViewController.swift */ = {isa = PBXFileReference; lastKnownFileType = sourcecode.swift; path = MainHomeViewController.swift; sourceTree = "<group>"; };
		15FF4C472EC99C8300E7888D /* MainMeViewController.swift */ = {isa = PBXFileReference; lastKnownFileType = sourcecode.swift; path = MainMeViewController.swift; sourceTree = "<group>"; };
		15FF4C4B2ECA1F1E00E7888D /* UIColorExtension.swift */ = {isa = PBXFileReference; lastKnownFileType = sourcecode.swift; path = UIColorExtension.swift; sourceTree = "<group>"; };
		15FF4C4E2ECA21E400E7888D /* APIConfig.swift */ = {isa = PBXFileReference; lastKnownFileType = sourcecode.swift; path = APIConfig.swift; sourceTree = "<group>"; };
		15FF4C562ECCA8D000E7888D /* BaseMainViewController.swift */ = {isa = PBXFileReference; lastKnownFileType = sourcecode.swift; path = BaseMainViewController.swift; sourceTree = "<group>"; };
		15FF4C582ECCAD4B00E7888D /* URLConfig.swift */ = {isa = PBXFileReference; lastKnownFileType = sourcecode.swift; path = URLConfig.swift; sourceTree = "<group>"; };
		15FF4C5F2ECCB91100E7888D /* MainMeModel.swift */ = {isa = PBXFileReference; lastKnownFileType = sourcecode.swift; path = MainMeModel.swift; sourceTree = "<group>"; };
		15FF4C622ECCBA2200E7888D /* MainMeService.swift */ = {isa = PBXFileReference; lastKnownFileType = sourcecode.swift; path = MainMeService.swift; sourceTree = "<group>"; };
		15FF4C642ECCBADA00E7888D /* MainMeViewModel.swift */ = {isa = PBXFileReference; lastKnownFileType = sourcecode.swift; path = MainMeViewModel.swift; sourceTree = "<group>"; };
		15FF4C662ECE0CF700E7888D /* MainMeCell.swift */ = {isa = PBXFileReference; lastKnownFileType = sourcecode.swift; path = MainMeCell.swift; sourceTree = "<group>"; };
		15FF4C682ED20B6F00E7888D /* MainMeSubCell.swift */ = {isa = PBXFileReference; lastKnownFileType = sourcecode.swift; path = MainMeSubCell.swift; sourceTree = "<group>"; };
		15FF4C6A2ED216C500E7888D /* IntExtension.swift */ = {isa = PBXFileReference; lastKnownFileType = sourcecode.swift; path = IntExtension.swift; sourceTree = "<group>"; };
		15FF4C712ED354D000E7888D /* IconStatItemModel.swift */ = {isa = PBXFileReference; lastKnownFileType = sourcecode.swift; path = IconStatItemModel.swift; sourceTree = "<group>"; };
		15FF4C732ED355E300E7888D /* IconStatItemCell.swift */ = {isa = PBXFileReference; lastKnownFileType = sourcecode.swift; path = IconStatItemCell.swift; sourceTree = "<group>"; };
		15FF4C752ED35A7400E7888D /* IconStatItemCollectionView.swift */ = {isa = PBXFileReference; lastKnownFileType = sourcecode.swift; path = IconStatItemCollectionView.swift; sourceTree = "<group>"; };
/* End PBXFileReference section */

/* Begin PBXFileSystemSynchronizedBuildFileExceptionSet section */
		15FF4C342EC9937100E7888D /* Exceptions for "VimeoSP_v2" folder in "VimeoSP_v2" target */ = {
			isa = PBXFileSystemSynchronizedBuildFileExceptionSet;
			membershipExceptions = (
				Info.plist,
			);
			target = 15FF4C212EC9937000E7888D /* VimeoSP_v2 */;
		};
/* End PBXFileSystemSynchronizedBuildFileExceptionSet section */

/* Begin PBXFileSystemSynchronizedRootGroup section */
		15FF4C242EC9937000E7888D /* VimeoSP_v2 */ = {
			isa = PBXFileSystemSynchronizedRootGroup;
			exceptions = (
				15FF4C342EC9937100E7888D /* Exceptions for "VimeoSP_v2" folder in "VimeoSP_v2" target */,
			);
			path = VimeoSP_v2;
			sourceTree = "<group>";
		};
/* End PBXFileSystemSynchronizedRootGroup section */

/* Begin PBXFrameworksBuildPhase section */
		15FF4C1F2EC9937000E7888D /* Frameworks */ = {
			isa = PBXFrameworksBuildPhase;
			buildActionMask = 2147483647;
			files = (
				15FF4C522ECCA0EC00E7888D /* Alamofire in Frameworks */,
				15FF4C3F2EC9976700E7888D /* SDWebImage in Frameworks */,
				15FF4C3C2EC9975A00E7888D /* SnapKit in Frameworks */,
			);
			runOnlyForDeploymentPostprocessing = 0;
		};
/* End PBXFrameworksBuildPhase section */

/* Begin PBXGroup section */
		154CC15E2EF054E400C939EA /* Model */ = {
			isa = PBXGroup;
			children = (
				154CC15D2EF054E400C939EA /* MainHomeModel.swift */,
			);
			path = Model;
			sourceTree = "<group>";
		};
		154CC1622EF0570200C939EA /* Service */ = {
			isa = PBXGroup;
			children = (
				154CC1612EF0570200C939EA /* MainHomeService.swift */,
			);
			path = Service;
			sourceTree = "<group>";
		};
		154CC1652EF0584F00C939EA /* ViewModel */ = {
			isa = PBXGroup;
			children = (
				154CC1642EF0584F00C939EA /* MainHomeViewModel.swift */,
			);
			path = ViewModel;
			sourceTree = "<group>";
		};
		154CC1692EF19D4900C939EA /* View */ = {
			isa = PBXGroup;
			children = (
				15A993A42EF309D500F255E4 /* HomeCarouselCell */,
				15A9939F2EF308C000F255E4 /* HomeSectionCell */,
			);
			path = View;
			sourceTree = "<group>";
		};
		15987CF12EDDDDB800242C99 /* ViewController */ = {
			isa = PBXGroup;
			children = (
				15FF4C452EC99C6100E7888D /* MainHomeViewController.swift */,
			);
			path = ViewController;
			sourceTree = "<group>";
		};
		15987CF42EE0854000242C99 /* HomeSearch */ = {
			isa = PBXGroup;
			children = (
				15987CFF2EE08DFB00242C99 /* View */,
				15987CF82EE0856500242C99 /* ViewModel */,
				15987CF72EE0855E00242C99 /* Service */,
				15987CF62EE0855900242C99 /* Model */,
				15987CF52EE0854F00242C99 /* ViewController */,
			);
			path = HomeSearch;
			sourceTree = "<group>";
		};
		15987CF52EE0854F00242C99 /* ViewController */ = {
			isa = PBXGroup;
			children = (
				15987CF22EDDDDDD00242C99 /* HomeSearchResultsViewController.swift */,
			);
			path = ViewController;
			sourceTree = "<group>";
		};
		15987CF62EE0855900242C99 /* Model */ = {
			isa = PBXGroup;
			children = (
				15987CF92EE086C400242C99 /* HomeSearchModel.swift */,
			);
			path = Model;
			sourceTree = "<group>";
		};
		15987CF72EE0855E00242C99 /* Service */ = {
			isa = PBXGroup;
			children = (
				15987CFB2EE0892600242C99 /* HomeSearchService.swift */,
			);
			path = Service;
			sourceTree = "<group>";
		};
		15987CF82EE0856500242C99 /* ViewModel */ = {
			isa = PBXGroup;
			children = (
				15987CFD2EE08B0600242C99 /* HomeSearchViewModel.swift */,
			);
			path = ViewModel;
			sourceTree = "<group>";
		};
		15987CFF2EE08DFB00242C99 /* View */ = {
			isa = PBXGroup;
			children = (
				15987D002EE08E0B00242C99 /* SearchResultCell.swift */,
			);
			path = View;
			sourceTree = "<group>";
		};
		15A35AC82EDC2098005C25CC /* TagFlowView */ = {
			isa = PBXGroup;
			children = (
				15A35AC72EDC2098005C25CC /* TagFlowView.swift */,
			);
			path = TagFlowView;
			sourceTree = "<group>";
		};
		15A35ACB2EDC3D08005C25CC /* Protocol */ = {
			isa = PBXGroup;
			children = (
				15A35ACA2EDC3D08005C25CC /* MainMeSectionProvider.swift */,
			);
			path = Protocol;
			sourceTree = "<group>";
		};
		15A9939F2EF308C000F255E4 /* HomeSectionCell */ = {
			isa = PBXGroup;
			children = (
				154CC1672EF19D4900C939EA /* MainHomeSectionCell.swift */,
				154CC1682EF19D4900C939EA /* MainHomeVideoCell.swift */,
			);
			path = HomeSectionCell;
			sourceTree = "<group>";
		};
		15A993A42EF309D500F255E4 /* HomeCarouselCell */ = {
			isa = PBXGroup;
			children = (
				15A993A22EF309AF00F255E4 /* MainHomeCarouselCell.swift */,
				15A993A52EF30A1900F255E4 /* CarouselVideoCell.swift */,
			);
			path = HomeCarouselCell;
			sourceTree = "<group>";
		};
		15F2257F2EE705DF008C309C /* VideoPlayerViewController */ = {
			isa = PBXGroup;
			children = (
				15F225A22EED537F008C309C /* View */,
				15F2258D2EE71852008C309C /* ViewModel */,
				15F225862EE70D44008C309C /* Service */,
				15F225832EE70A4B008C309C /* Model */,
				15F225802EE70645008C309C /* ViewController */,
			);
			path = VideoPlayerViewController;
			sourceTree = "<group>";
		};
		15F225802EE70645008C309C /* ViewController */ = {
			isa = PBXGroup;
			children = (
				15F225812EE7065D008C309C /* VideoPlayerViewController.swift */,
			);
			path = ViewController;
			sourceTree = "<group>";
		};
		15F225832EE70A4B008C309C /* Model */ = {
			isa = PBXGroup;
			children = (
				15F225842EE70A62008C309C /* VideoPlayerModel.swift */,
			);
			path = Model;
			sourceTree = "<group>";
		};
		15F225862EE70D44008C309C /* Service */ = {
			isa = PBXGroup;
			children = (
				15F225872EE70D61008C309C /* VideoPlayerService.swift */,
			);
			path = Service;
			sourceTree = "<group>";
		};
		15F2258D2EE71852008C309C /* ViewModel */ = {
			isa = PBXGroup;
			children = (
				15F225892EE71081008C309C /* VideoPlayerViewModel.swift */,
			);
			path = ViewModel;
			sourceTree = "<group>";
		};
		15F2258E2EE87038008C309C /* ErrorAlert */ = {
			isa = PBXGroup;
			children = (
				15F2258F2EE87053008C309C /* ErrorAlert.swift */,
			);
			path = ErrorAlert;
			sourceTree = "<group>";
		};
		15F2259D2EEB11C5008C309C /* POP */ = {
			isa = PBXGroup;
			children = (
				154CC1582EF03E2B00C939EA /* RightBarButtonPresentable.swift */,
				15F225A72EEEB3B0008C309C /* BackButtonPresentable.swift */,
				15F225932EEB11BC008C309C /* EmptyStatePresentable.swift */,
				15F225942EEB11BC008C309C /* KeyboardDismissable.swift */,
				15F225952EEB11BC008C309C /* LoadingPresentable.swift */,
				15F225962EEB11BC008C309C /* Refreshable.swift */,
				15F225972EEB11BC008C309C /* ToastPresentable.swift */,
				15F225912EEB0F04008C309C /* AlertPresentable.swift */,
			);
			path = POP;
			sourceTree = "<group>";
		};
		15F225A22EED537F008C309C /* View */ = {
			isa = PBXGroup;
			children = (
				154CC15A2EF04A2800C939EA /* VideoPlayerWebView.swift */,
			);
			path = View;
			sourceTree = "<group>";
		};
		15FF4C192EC9937000E7888D = {
			isa = PBXGroup;
			children = (
				15F2257F2EE705DF008C309C /* VideoPlayerViewController */,
				15987CF42EE0854000242C99 /* HomeSearch */,
				15FF4C6E2ED353B900E7888D /* Feature */,
				15FF4C4D2ECA21CC00E7888D /* Network */,
				15FF4C492EC9A3E600E7888D /* Extension */,
				15FF4C442EC99C4600E7888D /* MainMe */,
				15FF4C432EC99C3F00E7888D /* MainHome */,
				15FF4C402EC99BE800E7888D /* MainTabBar */,
				15FF4C242EC9937000E7888D /* VimeoSP_v2 */,
				15FF4C232EC9937000E7888D /* Products */,
			);
			sourceTree = "<group>";
		};
		15FF4C232EC9937000E7888D /* Products */ = {
			isa = PBXGroup;
			children = (
				15FF4C222EC9937000E7888D /* VimeoSP_v2.app */,
			);
			name = Products;
			sourceTree = "<group>";
		};
		15FF4C402EC99BE800E7888D /* MainTabBar */ = {
			isa = PBXGroup;
			children = (
				15FF4C412EC99C0100E7888D /* MainTabBar.swift */,
			);
			path = MainTabBar;
			sourceTree = "<group>";
		};
		15FF4C432EC99C3F00E7888D /* MainHome */ = {
			isa = PBXGroup;
			children = (
				154CC1692EF19D4900C939EA /* View */,
				154CC1652EF0584F00C939EA /* ViewModel */,
				154CC1622EF0570200C939EA /* Service */,
				154CC15E2EF054E400C939EA /* Model */,
				15987CF12EDDDDB800242C99 /* ViewController */,
			);
			path = MainHome;
			sourceTree = "<group>";
		};
		15FF4C442EC99C4600E7888D /* MainMe */ = {
			isa = PBXGroup;
			children = (
				15A35ACB2EDC3D08005C25CC /* Protocol */,
				15FF4C5E2ECCB8F900E7888D /* ViewController */,
				15FF4C5D2ECCB8EE00E7888D /* View */,
				15FF4C5C2ECCB8E300E7888D /* ViewModel */,
				15FF4C5B2ECCB8DD00E7888D /* Service */,
				15FF4C5A2ECCB8D800E7888D /* Model */,
			);
			path = MainMe;
			sourceTree = "<group>";
		};
		15FF4C492EC9A3E600E7888D /* Extension */ = {
			isa = PBXGroup;
			children = (
				15FF4C6B2ED216C500E7888D /* Int */,
				15FF4C4A2EC9A3EB00E7888D /* UIColor */,
			);
			path = Extension;
			sourceTree = "<group>";
		};
		15FF4C4A2EC9A3EB00E7888D /* UIColor */ = {
			isa = PBXGroup;
			children = (
				15FF4C4B2ECA1F1E00E7888D /* UIColorExtension.swift */,
			);
			path = UIColor;
			sourceTree = "<group>";
		};
		15FF4C4D2ECA21CC00E7888D /* Network */ = {
			isa = PBXGroup;
			children = (
				15FF4C4E2ECA21E400E7888D /* APIConfig.swift */,
				15FF4C582ECCAD4B00E7888D /* URLConfig.swift */,
			);
			path = Network;
			sourceTree = "<group>";
		};
		15FF4C532ECCA89D00E7888D /* Base */ = {
			isa = PBXGroup;
			children = (
				15FF4C562ECCA8D000E7888D /* BaseMainViewController.swift */,
				15F2258B2EE714BB008C309C /* BaseViewModel.swift */,
			);
			path = Base;
			sourceTree = "<group>";
		};
		15FF4C5A2ECCB8D800E7888D /* Model */ = {
			isa = PBXGroup;
			children = (
				15FF4C5F2ECCB91100E7888D /* MainMeModel.swift */,
			);
			path = Model;
			sourceTree = "<group>";
		};
		15FF4C5B2ECCB8DD00E7888D /* Service */ = {
			isa = PBXGroup;
			children = (
				15FF4C622ECCBA2200E7888D /* MainMeService.swift */,
			);
			path = Service;
			sourceTree = "<group>";
		};
		15FF4C5C2ECCB8E300E7888D /* ViewModel */ = {
			isa = PBXGroup;
			children = (
				15FF4C642ECCBADA00E7888D /* MainMeViewModel.swift */,
			);
			path = ViewModel;
			sourceTree = "<group>";
		};
		15FF4C5D2ECCB8EE00E7888D /* View */ = {
			isa = PBXGroup;
			children = (
				15FF4C662ECE0CF700E7888D /* MainMeCell.swift */,
				15FF4C682ED20B6F00E7888D /* MainMeSubCell.swift */,
			);
			path = View;
			sourceTree = "<group>";
		};
		15FF4C5E2ECCB8F900E7888D /* ViewController */ = {
			isa = PBXGroup;
			children = (
				15FF4C472EC99C8300E7888D /* MainMeViewController.swift */,
			);
			path = ViewController;
			sourceTree = "<group>";
		};
		15FF4C6B2ED216C500E7888D /* Int */ = {
			isa = PBXGroup;
			children = (
				15FF4C6A2ED216C500E7888D /* IntExtension.swift */,
			);
			path = Int;
			sourceTree = "<group>";
		};
		15FF4C6E2ED353B900E7888D /* Feature */ = {
			isa = PBXGroup;
			children = (
				15F2259D2EEB11C5008C309C /* POP */,
				15FF4C6F2ED353C600E7888D /* Components */,
				15FF4C532ECCA89D00E7888D /* Base */,
			);
			path = Feature;
			sourceTree = "<group>";
		};
		15FF4C6F2ED353C600E7888D /* Components */ = {
			isa = PBXGroup;
			children = (
				15F2258E2EE87038008C309C /* ErrorAlert */,
				15A35AC82EDC2098005C25CC /* TagFlowView */,
				15FF4C702ED354A100E7888D /* IconStatItemCell */,
			);
			path = Components;
			sourceTree = "<group>";
		};
		15FF4C702ED354A100E7888D /* IconStatItemCell */ = {
			isa = PBXGroup;
			children = (
				15FF4C752ED35A7400E7888D /* IconStatItemCollectionView.swift */,
				15FF4C712ED354D000E7888D /* IconStatItemModel.swift */,
				15FF4C732ED355E300E7888D /* IconStatItemCell.swift */,
			);
			path = IconStatItemCell;
			sourceTree = "<group>";
		};
/* End PBXGroup section */

/* Begin PBXNativeTarget section */
		15FF4C212EC9937000E7888D /* VimeoSP_v2 */ = {
			isa = PBXNativeTarget;
			buildConfigurationList = 15FF4C352EC9937100E7888D /* Build configuration list for PBXNativeTarget "VimeoSP_v2" */;
			buildPhases = (
				15FF4C1E2EC9937000E7888D /* Sources */,
				15FF4C1F2EC9937000E7888D /* Frameworks */,
				15FF4C202EC9937000E7888D /* Resources */,
			);
			buildRules = (
			);
			dependencies = (
			);
			fileSystemSynchronizedGroups = (
				15FF4C242EC9937000E7888D /* VimeoSP_v2 */,
			);
			name = VimeoSP_v2;
			packageProductDependencies = (
				15FF4C3B2EC9975A00E7888D /* SnapKit */,
				15FF4C3E2EC9976700E7888D /* SDWebImage */,
				15FF4C512ECCA0EC00E7888D /* Alamofire */,
			);
			productName = VimeoSP_v2;
			productReference = 15FF4C222EC9937000E7888D /* VimeoSP_v2.app */;
			productType = "com.apple.product-type.application";
		};
/* End PBXNativeTarget section */

/* Begin PBXProject section */
		15FF4C1A2EC9937000E7888D /* Project object */ = {
			isa = PBXProject;
			attributes = {
				BuildIndependentTargetsInParallel = 1;
				LastSwiftUpdateCheck = 2610;
				LastUpgradeCheck = 2620;
				TargetAttributes = {
					15FF4C212EC9937000E7888D = {
						CreatedOnToolsVersion = 26.1.1;
					};
				};
			};
			buildConfigurationList = 15FF4C1D2EC9937000E7888D /* Build configuration list for PBXProject "VimeoSP_v2" */;
			developmentRegion = en;
			hasScannedForEncodings = 0;
			knownRegions = (
				en,
				Base,
			);
			mainGroup = 15FF4C192EC9937000E7888D;
			minimizedProjectReferenceProxies = 1;
			packageReferences = (
				15FF4C3A2EC9975A00E7888D /* XCRemoteSwiftPackageReference "SnapKit" */,
				15FF4C3D2EC9976700E7888D /* XCRemoteSwiftPackageReference "SDWebImage" */,
				15FF4C502ECCA0EC00E7888D /* XCRemoteSwiftPackageReference "Alamofire" */,
			);
			preferredProjectObjectVersion = 77;
			productRefGroup = 15FF4C232EC9937000E7888D /* Products */;
			projectDirPath = "";
			projectRoot = "";
			targets = (
				15FF4C212EC9937000E7888D /* VimeoSP_v2 */,
			);
		};
/* End PBXProject section */

/* Begin PBXResourcesBuildPhase section */
		15FF4C202EC9937000E7888D /* Resources */ = {
			isa = PBXResourcesBuildPhase;
			buildActionMask = 2147483647;
			files = (
			);
			runOnlyForDeploymentPostprocessing = 0;
		};
/* End PBXResourcesBuildPhase section */

/* Begin PBXSourcesBuildPhase section */
		15FF4C1E2EC9937000E7888D /* Sources */ = {
			isa = PBXSourcesBuildPhase;
			buildActionMask = 2147483647;
			files = (
				15FF4C762ED35A7400E7888D /* IconStatItemCollectionView.swift in Sources */,
				15987D012EE08E0B00242C99 /* SearchResultCell.swift in Sources */,
				15987CFC2EE0892600242C99 /* HomeSearchService.swift in Sources */,
				15F225822EE7065D008C309C /* VideoPlayerViewController.swift in Sources */,
				15FF4C422EC99C0100E7888D /* MainTabBar.swift in Sources */,
				154CC1632EF0570200C939EA /* MainHomeService.swift in Sources */,
				15FF4C4C2ECA1F1E00E7888D /* UIColorExtension.swift in Sources */,
				15F225852EE70A62008C309C /* VideoPlayerModel.swift in Sources */,
				15A35AC92EDC2098005C25CC /* TagFlowView.swift in Sources */,
				15FF4C632ECCBA2200E7888D /* MainMeService.swift in Sources */,
				15FF4C742ED355E300E7888D /* IconStatItemCell.swift in Sources */,
				15FF4C4F2ECA21E400E7888D /* APIConfig.swift in Sources */,
				15FF4C462EC99C6100E7888D /* MainHomeViewController.swift in Sources */,
				15FF4C6C2ED216C500E7888D /* IntExtension.swift in Sources */,
				15F225922EEB0F04008C309C /* AlertPresentable.swift in Sources */,
				15F225902EE87053008C309C /* ErrorAlert.swift in Sources */,
				15F2258C2EE714BB008C309C /* BaseViewModel.swift in Sources */,
				15FF4C572ECCA8D000E7888D /* BaseMainViewController.swift in Sources */,
				15A35ACC2EDC3D08005C25CC /* MainMeSectionProvider.swift in Sources */,
				15F2258A2EE71081008C309C /* VideoPlayerViewModel.swift in Sources */,
				154CC15B2EF04A2800C939EA /* VideoPlayerWebView.swift in Sources */,
				154CC1592EF03E2B00C939EA /* RightBarButtonPresentable.swift in Sources */,
				15FF4C602ECCB91100E7888D /* MainMeModel.swift in Sources */,
				154CC15F2EF054E400C939EA /* MainHomeModel.swift in Sources */,
				15FF4C592ECCAD4B00E7888D /* URLConfig.swift in Sources */,
				15FF4C692ED20B6F00E7888D /* MainMeSubCell.swift in Sources */,
				15987CFE2EE08B0600242C99 /* HomeSearchViewModel.swift in Sources */,
				15987CFA2EE086C400242C99 /* HomeSearchModel.swift in Sources */,
				15FF4C482EC99C8300E7888D /* MainMeViewController.swift in Sources */,
				15FF4C672ECE0CF700E7888D /* MainMeCell.swift in Sources */,
				15A993A32EF309AF00F255E4 /* MainHomeCarouselCell.swift in Sources */,
				15FF4C722ED354D000E7888D /* IconStatItemModel.swift in Sources */,
				154CC16A2EF19D4900C939EA /* MainHomeSectionCell.swift in Sources */,
				154CC16B2EF19D4900C939EA /* MainHomeVideoCell.swift in Sources */,
				15F225982EEB11BC008C309C /* LoadingPresentable.swift in Sources */,
				15F225992EEB11BC008C309C /* KeyboardDismissable.swift in Sources */,
				154CC1662EF0584F00C939EA /* MainHomeViewModel.swift in Sources */,
				15F2259A2EEB11BC008C309C /* EmptyStatePresentable.swift in Sources */,
				15F2259B2EEB11BC008C309C /* Refreshable.swift in Sources */,
				15A993A62EF30A1900F255E4 /* CarouselVideoCell.swift in Sources */,
				15F2259C2EEB11BC008C309C /* ToastPresentable.swift in Sources */,
				15F225A82EEEB3B0008C309C /* BackButtonPresentable.swift in Sources */,
				15987CF32EDDDDDD00242C99 /* HomeSearchResultsViewController.swift in Sources */,
				15F225882EE70D61008C309C /* VideoPlayerService.swift in Sources */,
				15FF4C652ECCBADA00E7888D /* MainMeViewModel.swift in Sources */,
			);
			runOnlyForDeploymentPostprocessing = 0;
		};
/* End PBXSourcesBuildPhase section */

/* Begin XCBuildConfiguration section */
		15FF4C362EC9937100E7888D /* Debug */ = {
			isa = XCBuildConfiguration;
			buildSettings = {
				ASSETCATALOG_COMPILER_APPICON_NAME = AppIcon;
				ASSETCATALOG_COMPILER_GLOBAL_ACCENT_COLOR_NAME = AccentColor;
				CODE_SIGN_IDENTITY = "Apple Development";
				CODE_SIGN_STYLE = Automatic;
				CURRENT_PROJECT_VERSION = 1;
				DEVELOPMENT_TEAM = G5A93Q7SG9;
				GENERATE_INFOPLIST_FILE = YES;
				INFOPLIST_FILE = VimeoSP_v2/Info.plist;
				INFOPLIST_KEY_UIApplicationSupportsIndirectInputEvents = YES;
				INFOPLIST_KEY_UILaunchStoryboardName = LaunchScreen;
				INFOPLIST_KEY_UISupportedInterfaceOrientations_iPad = "UIInterfaceOrientationPortrait UIInterfaceOrientationPortraitUpsideDown UIInterfaceOrientationLandscapeLeft UIInterfaceOrientationLandscapeRight";
				INFOPLIST_KEY_UISupportedInterfaceOrientations_iPhone = "UIInterfaceOrientationPortrait UIInterfaceOrientationLandscapeLeft UIInterfaceOrientationLandscapeRight";
				LD_RUNPATH_SEARCH_PATHS = (
					"$(inherited)",
					"@executable_path/Frameworks",
				);
				MARKETING_VERSION = 1.0;
				PRODUCT_BUNDLE_IDENTIFIER = co.willyhsu.VimeoSPv2;
				PRODUCT_NAME = "$(TARGET_NAME)";
				PROVISIONING_PROFILE_SPECIFIER = "";
				STRING_CATALOG_GENERATE_SYMBOLS = YES;
				SWIFT_APPROACHABLE_CONCURRENCY = YES;
				SWIFT_DEFAULT_ACTOR_ISOLATION = MainActor;
				SWIFT_EMIT_LOC_STRINGS = YES;
				SWIFT_UPCOMING_FEATURE_MEMBER_IMPORT_VISIBILITY = YES;
				SWIFT_VERSION = 5.0;
				TARGETED_DEVICE_FAMILY = "1,2";
			};
			name = Debug;
		};
		15FF4C372EC9937100E7888D /* Release */ = {
			isa = XCBuildConfiguration;
			buildSettings = {
				ASSETCATALOG_COMPILER_APPICON_NAME = AppIcon;
				ASSETCATALOG_COMPILER_GLOBAL_ACCENT_COLOR_NAME = AccentColor;
				CODE_SIGN_IDENTITY = "Apple Development";
				CODE_SIGN_STYLE = Automatic;
				CURRENT_PROJECT_VERSION = 1;
				DEVELOPMENT_TEAM = G5A93Q7SG9;
				GENERATE_INFOPLIST_FILE = YES;
				INFOPLIST_FILE = VimeoSP_v2/Info.plist;
				INFOPLIST_KEY_UIApplicationSupportsIndirectInputEvents = YES;
				INFOPLIST_KEY_UILaunchStoryboardName = LaunchScreen;
				INFOPLIST_KEY_UISupportedInterfaceOrientations_iPad = "UIInterfaceOrientationPortrait UIInterfaceOrientationPortraitUpsideDown UIInterfaceOrientationLandscapeLeft UIInterfaceOrientationLandscapeRight";
				INFOPLIST_KEY_UISupportedInterfaceOrientations_iPhone = "UIInterfaceOrientationPortrait UIInterfaceOrientationLandscapeLeft UIInterfaceOrientationLandscapeRight";
				LD_RUNPATH_SEARCH_PATHS = (
					"$(inherited)",
					"@executable_path/Frameworks",
				);
				MARKETING_VERSION = 1.0;
				PRODUCT_BUNDLE_IDENTIFIER = co.willyhsu.VimeoSPv2;
				PRODUCT_NAME = "$(TARGET_NAME)";
				PROVISIONING_PROFILE_SPECIFIER = "";
				STRING_CATALOG_GENERATE_SYMBOLS = YES;
				SWIFT_APPROACHABLE_CONCURRENCY = YES;
				SWIFT_DEFAULT_ACTOR_ISOLATION = MainActor;
				SWIFT_EMIT_LOC_STRINGS = YES;
				SWIFT_UPCOMING_FEATURE_MEMBER_IMPORT_VISIBILITY = YES;
				SWIFT_VERSION = 5.0;
				TARGETED_DEVICE_FAMILY = "1,2";
			};
			name = Release;
		};
		15FF4C382EC9937100E7888D /* Debug */ = {
			isa = XCBuildConfiguration;
			buildSettings = {
				ALWAYS_SEARCH_USER_PATHS = NO;
				ASSETCATALOG_COMPILER_GENERATE_SWIFT_ASSET_SYMBOL_EXTENSIONS = YES;
				CLANG_ANALYZER_NONNULL = YES;
				CLANG_ANALYZER_NUMBER_OBJECT_CONVERSION = YES_AGGRESSIVE;
				CLANG_CXX_LANGUAGE_STANDARD = "gnu++20";
				CLANG_ENABLE_MODULES = YES;
				CLANG_ENABLE_OBJC_ARC = YES;
				CLANG_ENABLE_OBJC_WEAK = YES;
				CLANG_WARN_BLOCK_CAPTURE_AUTORELEASING = YES;
				CLANG_WARN_BOOL_CONVERSION = YES;
				CLANG_WARN_COMMA = YES;
				CLANG_WARN_CONSTANT_CONVERSION = YES;
				CLANG_WARN_DEPRECATED_OBJC_IMPLEMENTATIONS = YES;
				CLANG_WARN_DIRECT_OBJC_ISA_USAGE = YES_ERROR;
				CLANG_WARN_DOCUMENTATION_COMMENTS = YES;
				CLANG_WARN_EMPTY_BODY = YES;
				CLANG_WARN_ENUM_CONVERSION = YES;
				CLANG_WARN_INFINITE_RECURSION = YES;
				CLANG_WARN_INT_CONVERSION = YES;
				CLANG_WARN_NON_LITERAL_NULL_CONVERSION = YES;
				CLANG_WARN_OBJC_IMPLICIT_RETAIN_SELF = YES;
				CLANG_WARN_OBJC_LITERAL_CONVERSION = YES;
				CLANG_WARN_OBJC_ROOT_CLASS = YES_ERROR;
				CLANG_WARN_QUOTED_INCLUDE_IN_FRAMEWORK_HEADER = YES;
				CLANG_WARN_RANGE_LOOP_ANALYSIS = YES;
				CLANG_WARN_STRICT_PROTOTYPES = YES;
				CLANG_WARN_SUSPICIOUS_MOVE = YES;
				CLANG_WARN_UNGUARDED_AVAILABILITY = YES_AGGRESSIVE;
				CLANG_WARN_UNREACHABLE_CODE = YES;
				CLANG_WARN__DUPLICATE_METHOD_MATCH = YES;
				COPY_PHASE_STRIP = NO;
				DEBUG_INFORMATION_FORMAT = dwarf;
				DEVELOPMENT_TEAM = G5A93Q7SG9;
				ENABLE_STRICT_OBJC_MSGSEND = YES;
				ENABLE_TESTABILITY = YES;
				ENABLE_USER_SCRIPT_SANDBOXING = YES;
				GCC_C_LANGUAGE_STANDARD = gnu17;
				GCC_DYNAMIC_NO_PIC = NO;
				GCC_NO_COMMON_BLOCKS = YES;
				GCC_OPTIMIZATION_LEVEL = 0;
				GCC_PREPROCESSOR_DEFINITIONS = (
					"DEBUG=1",
					"$(inherited)",
				);
				GCC_WARN_64_TO_32_BIT_CONVERSION = YES;
				GCC_WARN_ABOUT_RETURN_TYPE = YES_ERROR;
				GCC_WARN_UNDECLARED_SELECTOR = YES;
				GCC_WARN_UNINITIALIZED_AUTOS = YES_AGGRESSIVE;
				GCC_WARN_UNUSED_FUNCTION = YES;
				GCC_WARN_UNUSED_VARIABLE = YES;
				IPHONEOS_DEPLOYMENT_TARGET = 17.6;
				LOCALIZATION_PREFERS_STRING_CATALOGS = YES;
				MTL_ENABLE_DEBUG_INFO = INCLUDE_SOURCE;
				MTL_FAST_MATH = YES;
				ONLY_ACTIVE_ARCH = YES;
				SDKROOT = iphoneos;
				STRING_CATALOG_GENERATE_SYMBOLS = YES;
				SWIFT_ACTIVE_COMPILATION_CONDITIONS = "DEBUG $(inherited)";
				SWIFT_OPTIMIZATION_LEVEL = "-Onone";
			};
			name = Debug;
		};
		15FF4C392EC9937100E7888D /* Release */ = {
			isa = XCBuildConfiguration;
			buildSettings = {
				ALWAYS_SEARCH_USER_PATHS = NO;
				ASSETCATALOG_COMPILER_GENERATE_SWIFT_ASSET_SYMBOL_EXTENSIONS = YES;
				CLANG_ANALYZER_NONNULL = YES;
				CLANG_ANALYZER_NUMBER_OBJECT_CONVERSION = YES_AGGRESSIVE;
				CLANG_CXX_LANGUAGE_STANDARD = "gnu++20";
				CLANG_ENABLE_MODULES = YES;
				CLANG_ENABLE_OBJC_ARC = YES;
				CLANG_ENABLE_OBJC_WEAK = YES;
				CLANG_WARN_BLOCK_CAPTURE_AUTORELEASING = YES;
				CLANG_WARN_BOOL_CONVERSION = YES;
				CLANG_WARN_COMMA = YES;
				CLANG_WARN_CONSTANT_CONVERSION = YES;
				CLANG_WARN_DEPRECATED_OBJC_IMPLEMENTATIONS = YES;
				CLANG_WARN_DIRECT_OBJC_ISA_USAGE = YES_ERROR;
				CLANG_WARN_DOCUMENTATION_COMMENTS = YES;
				CLANG_WARN_EMPTY_BODY = YES;
				CLANG_WARN_ENUM_CONVERSION = YES;
				CLANG_WARN_INFINITE_RECURSION = YES;
				CLANG_WARN_INT_CONVERSION = YES;
				CLANG_WARN_NON_LITERAL_NULL_CONVERSION = YES;
				CLANG_WARN_OBJC_IMPLICIT_RETAIN_SELF = YES;
				CLANG_WARN_OBJC_LITERAL_CONVERSION = YES;
				CLANG_WARN_OBJC_ROOT_CLASS = YES_ERROR;
				CLANG_WARN_QUOTED_INCLUDE_IN_FRAMEWORK_HEADER = YES;
				CLANG_WARN_RANGE_LOOP_ANALYSIS = YES;
				CLANG_WARN_STRICT_PROTOTYPES = YES;
				CLANG_WARN_SUSPICIOUS_MOVE = YES;
				CLANG_WARN_UNGUARDED_AVAILABILITY = YES_AGGRESSIVE;
				CLANG_WARN_UNREACHABLE_CODE = YES;
				CLANG_WARN__DUPLICATE_METHOD_MATCH = YES;
				COPY_PHASE_STRIP = NO;
				DEBUG_INFORMATION_FORMAT = "dwarf-with-dsym";
				DEVELOPMENT_TEAM = G5A93Q7SG9;
				ENABLE_NS_ASSERTIONS = NO;
				ENABLE_STRICT_OBJC_MSGSEND = YES;
				ENABLE_USER_SCRIPT_SANDBOXING = YES;
				GCC_C_LANGUAGE_STANDARD = gnu17;
				GCC_NO_COMMON_BLOCKS = YES;
				GCC_WARN_64_TO_32_BIT_CONVERSION = YES;
				GCC_WARN_ABOUT_RETURN_TYPE = YES_ERROR;
				GCC_WARN_UNDECLARED_SELECTOR = YES;
				GCC_WARN_UNINITIALIZED_AUTOS = YES_AGGRESSIVE;
				GCC_WARN_UNUSED_FUNCTION = YES;
				GCC_WARN_UNUSED_VARIABLE = YES;
				IPHONEOS_DEPLOYMENT_TARGET = 17.6;
				LOCALIZATION_PREFERS_STRING_CATALOGS = YES;
				MTL_ENABLE_DEBUG_INFO = NO;
				MTL_FAST_MATH = YES;
				SDKROOT = iphoneos;
				STRING_CATALOG_GENERATE_SYMBOLS = YES;
				SWIFT_COMPILATION_MODE = wholemodule;
				VALIDATE_PRODUCT = YES;
			};
			name = Release;
		};
/* End XCBuildConfiguration section */

/* Begin XCConfigurationList section */
		15FF4C1D2EC9937000E7888D /* Build configuration list for PBXProject "VimeoSP_v2" */ = {
			isa = XCConfigurationList;
			buildConfigurations = (
				15FF4C382EC9937100E7888D /* Debug */,
				15FF4C392EC9937100E7888D /* Release */,
			);
			defaultConfigurationIsVisible = 0;
			defaultConfigurationName = Release;
		};
		15FF4C352EC9937100E7888D /* Build configuration list for PBXNativeTarget "VimeoSP_v2" */ = {
			isa = XCConfigurationList;
			buildConfigurations = (
				15FF4C362EC9937100E7888D /* Debug */,
				15FF4C372EC9937100E7888D /* Release */,
			);
			defaultConfigurationIsVisible = 0;
			defaultConfigurationName = Release;
		};
/* End XCConfigurationList section */

/* Begin XCRemoteSwiftPackageReference section */
		15FF4C3A2EC9975A00E7888D /* XCRemoteSwiftPackageReference "SnapKit" */ = {
			isa = XCRemoteSwiftPackageReference;
			repositoryURL = "https://github.com/SnapKit/SnapKit";
			requirement = {
				kind = upToNextMajorVersion;
				minimumVersion = 5.7.1;
			};
		};
		15FF4C3D2EC9976700E7888D /* XCRemoteSwiftPackageReference "SDWebImage" */ = {
			isa = XCRemoteSwiftPackageReference;
			repositoryURL = "https://github.com/SDWebImage/SDWebImage";
			requirement = {
				kind = upToNextMajorVersion;
				minimumVersion = 5.21.3;
			};
		};
		15FF4C502ECCA0EC00E7888D /* XCRemoteSwiftPackageReference "Alamofire" */ = {
			isa = XCRemoteSwiftPackageReference;
			repositoryURL = "https://github.com/Alamofire/Alamofire";
			requirement = {
				kind = upToNextMajorVersion;
				minimumVersion = 5.10.2;
			};
		};
/* End XCRemoteSwiftPackageReference section */

/* Begin XCSwiftPackageProductDependency section */
		15FF4C3B2EC9975A00E7888D /* SnapKit */ = {
			isa = XCSwiftPackageProductDependency;
			package = 15FF4C3A2EC9975A00E7888D /* XCRemoteSwiftPackageReference "SnapKit" */;
			productName = SnapKit;
		};
		15FF4C3E2EC9976700E7888D /* SDWebImage */ = {
			isa = XCSwiftPackageProductDependency;
			package = 15FF4C3D2EC9976700E7888D /* XCRemoteSwiftPackageReference "SDWebImage" */;
			productName = SDWebImage;
		};
		15FF4C512ECCA0EC00E7888D /* Alamofire */ = {
			isa = XCSwiftPackageProductDependency;
			package = 15FF4C502ECCA0EC00E7888D /* XCRemoteSwiftPackageReference "Alamofire" */;
			productName = Alamofire;
		};
/* End XCSwiftPackageProductDependency section */
	};
	rootObject = 15FF4C1A2EC9937000E7888D /* Project object */;
}
